// !$*UTF8*$!
{
	archiveVersion = 1;
	classes = {
	};
	objectVersion = 50;
	objects = {

/* Begin PBXBuildFile section */
		D982D5BA2207819100F772F3 /* SwiftSearch.h in Headers */ = {isa = PBXBuildFile; fileRef = D982D5B82207819100F772F3 /* SwiftSearch.h */; settings = {ATTRIBUTES = (Public, ); }; };
		D982D5CC2207825300F772F3 /* SwiftSearch.h in Headers */ = {isa = PBXBuildFile; fileRef = D982D5B82207819100F772F3 /* SwiftSearch.h */; settings = {ATTRIBUTES = (Public, ); }; };
		D982D5D8220784FF00F772F3 /* SwiftSearch_iOSTests.swift in Sources */ = {isa = PBXBuildFile; fileRef = D982D5D7220784FF00F772F3 /* SwiftSearch_iOSTests.swift */; };
		D982D5DA220784FF00F772F3 /* SwiftElasticSearch.framework in Frameworks */ = {isa = PBXBuildFile; fileRef = D982D5B52207819100F772F3 /* SwiftElasticSearch.framework */; };
		D982D5E72207851600F772F3 /* SwiftSearch_macOSTests.swift in Sources */ = {isa = PBXBuildFile; fileRef = D982D5E62207851600F772F3 /* SwiftSearch_macOSTests.swift */; };
		D982D5E92207851600F772F3 /* SwiftElasticSearch.framework in Frameworks */ = {isa = PBXBuildFile; fileRef = D982D5C3220781A800F772F3 /* SwiftElasticSearch.framework */; };
		D9878C7222084F540086EACA /* SwiftWebSocket.framework in Frameworks */ = {isa = PBXBuildFile; fileRef = D9878C7122084F540086EACA /* SwiftWebSocket.framework */; };
		D9878C7422084F680086EACA /* SwiftWebSocket.framework in Frameworks */ = {isa = PBXBuildFile; fileRef = D9878C7322084F680086EACA /* SwiftWebSocket.framework */; };
		D9878C7C220850270086EACA /* Client.swift in Sources */ = {isa = PBXBuildFile; fileRef = D9878C7B220850270086EACA /* Client.swift */; };
		D9878C7D220850270086EACA /* Client.swift in Sources */ = {isa = PBXBuildFile; fileRef = D9878C7B220850270086EACA /* Client.swift */; };
		D9878C7F2208506D0086EACA /* WebSockets.swift in Sources */ = {isa = PBXBuildFile; fileRef = D9878C7E2208506D0086EACA /* WebSockets.swift */; };
		D9878C802208506D0086EACA /* WebSockets.swift in Sources */ = {isa = PBXBuildFile; fileRef = D9878C7E2208506D0086EACA /* WebSockets.swift */; };
		D9878C82220850910086EACA /* Response.swift in Sources */ = {isa = PBXBuildFile; fileRef = D9878C81220850910086EACA /* Response.swift */; };
		D9878C83220850910086EACA /* Response.swift in Sources */ = {isa = PBXBuildFile; fileRef = D9878C81220850910086EACA /* Response.swift */; };
		D9878C85220850A40086EACA /* Request.swift in Sources */ = {isa = PBXBuildFile; fileRef = D9878C84220850A40086EACA /* Request.swift */; };
		D9878C86220850A40086EACA /* Request.swift in Sources */ = {isa = PBXBuildFile; fileRef = D9878C84220850A40086EACA /* Request.swift */; };
		D9878C88220850BE0086EACA /* Errors.swift in Sources */ = {isa = PBXBuildFile; fileRef = D9878C87220850BE0086EACA /* Errors.swift */; };
		D9878C89220850BE0086EACA /* Errors.swift in Sources */ = {isa = PBXBuildFile; fileRef = D9878C87220850BE0086EACA /* Errors.swift */; };
		D9878C8C220850E70086EACA /* JSONParsing.swift in Sources */ = {isa = PBXBuildFile; fileRef = D9878C8B220850E70086EACA /* JSONParsing.swift */; };
		D9878C8D220850E70086EACA /* JSONParsing.swift in Sources */ = {isa = PBXBuildFile; fileRef = D9878C8B220850E70086EACA /* JSONParsing.swift */; };
/* End PBXBuildFile section */

/* Begin PBXContainerItemProxy section */
		D982D5DB220784FF00F772F3 /* PBXContainerItemProxy */ = {
			isa = PBXContainerItemProxy;
			containerPortal = D982D5AA2207814500F772F3 /* Project object */;
			proxyType = 1;
			remoteGlobalIDString = D982D5B42207819100F772F3;
			remoteInfo = "SwiftSearch iOS";
		};
		D982D5EA2207851600F772F3 /* PBXContainerItemProxy */ = {
			isa = PBXContainerItemProxy;
			containerPortal = D982D5AA2207814500F772F3 /* Project object */;
			proxyType = 1;
			remoteGlobalIDString = D982D5C2220781A800F772F3;
			remoteInfo = "SwiftSearch macOS";
		};
		D9878C9B2208534F0086EACA /* PBXContainerItemProxy */ = {
			isa = PBXContainerItemProxy;
			containerPortal = D9878C922208534F0086EACA /* SwiftWebSocket.xcodeproj */;
			proxyType = 2;
			remoteGlobalIDString = 03D1E7031B20897100AC49AC;
			remoteInfo = "SwiftWebSocket-iOS";
		};
		D9878C9D2208534F0086EACA /* PBXContainerItemProxy */ = {
			isa = PBXContainerItemProxy;
			containerPortal = D9878C922208534F0086EACA /* SwiftWebSocket.xcodeproj */;
			proxyType = 2;
			remoteGlobalIDString = D71949011B35E6130015C529;
			remoteInfo = "SwiftWebSocket-OSX";
		};
		D9878C9F2208534F0086EACA /* PBXContainerItemProxy */ = {
			isa = PBXContainerItemProxy;
			containerPortal = D9878C922208534F0086EACA /* SwiftWebSocket.xcodeproj */;
			proxyType = 2;
			remoteGlobalIDString = 03957A3C1C5A71DB005CC1DB;
			remoteInfo = "SwiftWebSocket-tvOS";
		};
		D9878CA12208534F0086EACA /* PBXContainerItemProxy */ = {
			isa = PBXContainerItemProxy;
			containerPortal = D9878C922208534F0086EACA /* SwiftWebSocket.xcodeproj */;
			proxyType = 2;
			remoteGlobalIDString = 03D70CCC1BDAC5EC00D245C3;
			remoteInfo = "Test-OSX";
		};
		D9878CA32208534F0086EACA /* PBXContainerItemProxy */ = {
			isa = PBXContainerItemProxy;
			containerPortal = D9878C922208534F0086EACA /* SwiftWebSocket.xcodeproj */;
			proxyType = 2;
			remoteGlobalIDString = 03D70CDB1BDAC63600D245C3;
			remoteInfo = "Test-iOS";
		};
		D9878CA52208534F0086EACA /* PBXContainerItemProxy */ = {
			isa = PBXContainerItemProxy;
			containerPortal = D9878C922208534F0086EACA /* SwiftWebSocket.xcodeproj */;
			proxyType = 2;
			remoteGlobalIDString = D78C40301C232C3800EB72AA;
			remoteInfo = "Test-ObjectiveC";
		};
/* End PBXContainerItemProxy section */

/* Begin PBXFileReference section */
		D982D5B52207819100F772F3 /* SwiftElasticSearch.framework */ = {isa = PBXFileReference; explicitFileType = wrapper.framework; includeInIndex = 0; path = SwiftElasticSearch.framework; sourceTree = BUILT_PRODUCTS_DIR; };
		D982D5B82207819100F772F3 /* SwiftSearch.h */ = {isa = PBXFileReference; lastKnownFileType = sourcecode.c.h; path = SwiftSearch.h; sourceTree = "<group>"; };
		D982D5B92207819100F772F3 /* Info.plist */ = {isa = PBXFileReference; lastKnownFileType = text.plist.xml; path = Info.plist; sourceTree = "<group>"; };
		D982D5C3220781A800F772F3 /* SwiftElasticSearch.framework */ = {isa = PBXFileReference; explicitFileType = wrapper.framework; includeInIndex = 0; path = SwiftElasticSearch.framework; sourceTree = BUILT_PRODUCTS_DIR; };
		D982D5D5220784FF00F772F3 /* SwiftElasticSearch iOSTests.xctest */ = {isa = PBXFileReference; explicitFileType = wrapper.cfbundle; includeInIndex = 0; path = "SwiftElasticSearch iOSTests.xctest"; sourceTree = BUILT_PRODUCTS_DIR; };
		D982D5D7220784FF00F772F3 /* SwiftSearch_iOSTests.swift */ = {isa = PBXFileReference; lastKnownFileType = sourcecode.swift; path = SwiftSearch_iOSTests.swift; sourceTree = "<group>"; };
		D982D5D9220784FF00F772F3 /* Info.plist */ = {isa = PBXFileReference; lastKnownFileType = text.plist.xml; path = Info.plist; sourceTree = "<group>"; };
		D982D5E42207851600F772F3 /* SwiftElasticSearch macOSTests.xctest */ = {isa = PBXFileReference; explicitFileType = wrapper.cfbundle; includeInIndex = 0; path = "SwiftElasticSearch macOSTests.xctest"; sourceTree = BUILT_PRODUCTS_DIR; };
		D982D5E62207851600F772F3 /* SwiftSearch_macOSTests.swift */ = {isa = PBXFileReference; lastKnownFileType = sourcecode.swift; path = SwiftSearch_macOSTests.swift; sourceTree = "<group>"; };
		D982D5E82207851600F772F3 /* Info.plist */ = {isa = PBXFileReference; lastKnownFileType = text.plist.xml; path = Info.plist; sourceTree = "<group>"; };
		D9878C7122084F540086EACA /* SwiftWebSocket.framework */ = {isa = PBXFileReference; lastKnownFileType = wrapper.framework; name = SwiftWebSocket.framework; path = Carthage/Build/iOS/SwiftWebSocket.framework; sourceTree = "<group>"; };
		D9878C7322084F680086EACA /* SwiftWebSocket.framework */ = {isa = PBXFileReference; lastKnownFileType = wrapper.framework; name = SwiftWebSocket.framework; path = Carthage/Build/Mac/SwiftWebSocket.framework; sourceTree = "<group>"; };
		D9878C7B220850270086EACA /* Client.swift */ = {isa = PBXFileReference; lastKnownFileType = sourcecode.swift; path = Client.swift; sourceTree = "<group>"; };
		D9878C7E2208506D0086EACA /* WebSockets.swift */ = {isa = PBXFileReference; lastKnownFileType = sourcecode.swift; path = WebSockets.swift; sourceTree = "<group>"; };
		D9878C81220850910086EACA /* Response.swift */ = {isa = PBXFileReference; lastKnownFileType = sourcecode.swift; path = Response.swift; sourceTree = "<group>"; };
		D9878C84220850A40086EACA /* Request.swift */ = {isa = PBXFileReference; lastKnownFileType = sourcecode.swift; path = Request.swift; sourceTree = "<group>"; };
		D9878C87220850BE0086EACA /* Errors.swift */ = {isa = PBXFileReference; lastKnownFileType = sourcecode.swift; path = Errors.swift; sourceTree = "<group>"; };
		D9878C8B220850E70086EACA /* JSONParsing.swift */ = {isa = PBXFileReference; lastKnownFileType = sourcecode.swift; path = JSONParsing.swift; sourceTree = "<group>"; };
		D9878C922208534F0086EACA /* SwiftWebSocket.xcodeproj */ = {isa = PBXFileReference; lastKnownFileType = "wrapper.pb-project"; name = SwiftWebSocket.xcodeproj; path = Carthage/Checkouts/SwiftWebSocket/SwiftWebSocket.xcodeproj; sourceTree = "<group>"; };
		D9878CA7220856000086EACA /* Package.swift */ = {isa = PBXFileReference; lastKnownFileType = sourcecode.swift; path = Package.swift; sourceTree = "<group>"; };
/* End PBXFileReference section */

/* Begin PBXFrameworksBuildPhase section */
		D982D5B22207819100F772F3 /* Frameworks */ = {
			isa = PBXFrameworksBuildPhase;
			buildActionMask = 2147483647;
			files = (
				D9878C7222084F540086EACA /* SwiftWebSocket.framework in Frameworks */,
			);
			runOnlyForDeploymentPostprocessing = 0;
		};
		D982D5C0220781A800F772F3 /* Frameworks */ = {
			isa = PBXFrameworksBuildPhase;
			buildActionMask = 2147483647;
			files = (
				D9878C7422084F680086EACA /* SwiftWebSocket.framework in Frameworks */,
			);
			runOnlyForDeploymentPostprocessing = 0;
		};
		D982D5D2220784FF00F772F3 /* Frameworks */ = {
			isa = PBXFrameworksBuildPhase;
			buildActionMask = 2147483647;
			files = (
				D982D5DA220784FF00F772F3 /* SwiftElasticSearch.framework in Frameworks */,
			);
			runOnlyForDeploymentPostprocessing = 0;
		};
		D982D5E12207851600F772F3 /* Frameworks */ = {
			isa = PBXFrameworksBuildPhase;
			buildActionMask = 2147483647;
			files = (
				D982D5E92207851600F772F3 /* SwiftElasticSearch.framework in Frameworks */,
			);
			runOnlyForDeploymentPostprocessing = 0;
		};
/* End PBXFrameworksBuildPhase section */

/* Begin PBXGroup section */
		D982D5A92207814500F772F3 = {
			isa = PBXGroup;
			children = (
				D9878CA7220856000086EACA /* Package.swift */,
				D9878C922208534F0086EACA /* SwiftWebSocket.xcodeproj */,
				D982D5CB220781BA00F772F3 /* Sources */,
				D982D5D6220784FF00F772F3 /* SwiftElasticSearch iOSTests */,
				D982D5E52207851600F772F3 /* SwiftElasticSearch macOSTests */,
				D982D5B62207819100F772F3 /* Products */,
				D9878C6A220833B80086EACA /* Frameworks */,
			);
			sourceTree = "<group>";
		};
		D982D5B62207819100F772F3 /* Products */ = {
			isa = PBXGroup;
			children = (
				D982D5B52207819100F772F3 /* SwiftElasticSearch.framework */,
				D982D5C3220781A800F772F3 /* SwiftElasticSearch.framework */,
				D982D5D5220784FF00F772F3 /* SwiftElasticSearch iOSTests.xctest */,
				D982D5E42207851600F772F3 /* SwiftElasticSearch macOSTests.xctest */,
			);
			name = Products;
			sourceTree = "<group>";
		};
		D982D5CB220781BA00F772F3 /* Sources */ = {
			isa = PBXGroup;
			children = (
				D9878C8A220850DB0086EACA /* Utility */,
				D982D5CE2207832E00F772F3 /* Supporting Files */,
				D9878C7B220850270086EACA /* Client.swift */,
				D9878C7E2208506D0086EACA /* WebSockets.swift */,
				D9878C81220850910086EACA /* Response.swift */,
				D9878C84220850A40086EACA /* Request.swift */,
				D9878C87220850BE0086EACA /* Errors.swift */,
			);
			path = Sources;
			sourceTree = "<group>";
		};
		D982D5CE2207832E00F772F3 /* Supporting Files */ = {
			isa = PBXGroup;
			children = (
				D982D5B82207819100F772F3 /* SwiftSearch.h */,
				D982D5B92207819100F772F3 /* Info.plist */,
			);
			name = "Supporting Files";
			sourceTree = "<group>";
		};
		D982D5D6220784FF00F772F3 /* SwiftElasticSearch iOSTests */ = {
			isa = PBXGroup;
			children = (
				D982D5D7220784FF00F772F3 /* SwiftSearch_iOSTests.swift */,
				D982D5D9220784FF00F772F3 /* Info.plist */,
			);
			path = "SwiftElasticSearch iOSTests";
			sourceTree = "<group>";
		};
		D982D5E52207851600F772F3 /* SwiftElasticSearch macOSTests */ = {
			isa = PBXGroup;
			children = (
				D982D5E62207851600F772F3 /* SwiftSearch_macOSTests.swift */,
				D982D5E82207851600F772F3 /* Info.plist */,
			);
			path = "SwiftElasticSearch macOSTests";
			sourceTree = "<group>";
		};
		D9878C6A220833B80086EACA /* Frameworks */ = {
			isa = PBXGroup;
			children = (
				D9878C7322084F680086EACA /* SwiftWebSocket.framework */,
				D9878C7122084F540086EACA /* SwiftWebSocket.framework */,
			);
			name = Frameworks;
			sourceTree = "<group>";
		};
		D9878C8A220850DB0086EACA /* Utility */ = {
			isa = PBXGroup;
			children = (
				D9878C8B220850E70086EACA /* JSONParsing.swift */,
			);
			name = Utility;
			sourceTree = "<group>";
		};
		D9878C932208534F0086EACA /* Products */ = {
			isa = PBXGroup;
			children = (
				D9878C9C2208534F0086EACA /* SwiftWebSocket.framework */,
				D9878C9E2208534F0086EACA /* SwiftWebSocket.framework */,
				D9878CA02208534F0086EACA /* SwiftWebSocket.framework */,
				D9878CA22208534F0086EACA /* Test-OSX.xctest */,
				D9878CA42208534F0086EACA /* Test-iOS.xctest */,
				D9878CA62208534F0086EACA /* Test-ObjectiveC.xctest */,
			);
			name = Products;
			sourceTree = "<group>";
		};
/* End PBXGroup section */

/* Begin PBXHeadersBuildPhase section */
		D982D5B02207819100F772F3 /* Headers */ = {
			isa = PBXHeadersBuildPhase;
			buildActionMask = 2147483647;
			files = (
				D982D5BA2207819100F772F3 /* SwiftSearch.h in Headers */,
			);
			runOnlyForDeploymentPostprocessing = 0;
		};
		D982D5BE220781A800F772F3 /* Headers */ = {
			isa = PBXHeadersBuildPhase;
			buildActionMask = 2147483647;
			files = (
				D982D5CC2207825300F772F3 /* SwiftSearch.h in Headers */,
			);
			runOnlyForDeploymentPostprocessing = 0;
		};
/* End PBXHeadersBuildPhase section */

/* Begin PBXNativeTarget section */
		D982D5B42207819100F772F3 /* SwiftElasticSearch iOS */ = {
			isa = PBXNativeTarget;
			buildConfigurationList = D982D5BB2207819100F772F3 /* Build configuration list for PBXNativeTarget "SwiftElasticSearch iOS" */;
			buildPhases = (
				D982D5B02207819100F772F3 /* Headers */,
				D982D5B12207819100F772F3 /* Sources */,
				D982D5B22207819100F772F3 /* Frameworks */,
				D982D5B32207819100F772F3 /* Resources */,
			);
			buildRules = (
			);
			dependencies = (
			);
			name = "SwiftElasticSearch iOS";
			productName = "SwiftSearch iOS";
			productReference = D982D5B52207819100F772F3 /* SwiftElasticSearch.framework */;
			productType = "com.apple.product-type.framework";
		};
		D982D5C2220781A800F772F3 /* SwiftElasticSearch macOS */ = {
			isa = PBXNativeTarget;
			buildConfigurationList = D982D5C8220781A800F772F3 /* Build configuration list for PBXNativeTarget "SwiftElasticSearch macOS" */;
			buildPhases = (
				D982D5BE220781A800F772F3 /* Headers */,
				D982D5BF220781A800F772F3 /* Sources */,
				D982D5C0220781A800F772F3 /* Frameworks */,
				D982D5C1220781A800F772F3 /* Resources */,
			);
			buildRules = (
			);
			dependencies = (
			);
			name = "SwiftElasticSearch macOS";
			productName = "SwiftSearch macOS";
			productReference = D982D5C3220781A800F772F3 /* SwiftElasticSearch.framework */;
			productType = "com.apple.product-type.framework";
		};
		D982D5D4220784FF00F772F3 /* SwiftElasticSearch iOSTests */ = {
			isa = PBXNativeTarget;
			buildConfigurationList = D982D5DF220784FF00F772F3 /* Build configuration list for PBXNativeTarget "SwiftElasticSearch iOSTests" */;
			buildPhases = (
				D982D5D1220784FF00F772F3 /* Sources */,
				D982D5D2220784FF00F772F3 /* Frameworks */,
				D982D5D3220784FF00F772F3 /* Resources */,
			);
			buildRules = (
			);
			dependencies = (
				D982D5DC220784FF00F772F3 /* PBXTargetDependency */,
			);
			name = "SwiftElasticSearch iOSTests";
			productName = "SwiftSearch iOSTests";
			productReference = D982D5D5220784FF00F772F3 /* SwiftElasticSearch iOSTests.xctest */;
			productType = "com.apple.product-type.bundle.unit-test";
		};
		D982D5E32207851600F772F3 /* SwiftElasticSearch macOSTests */ = {
			isa = PBXNativeTarget;
			buildConfigurationList = D982D5EC2207851600F772F3 /* Build configuration list for PBXNativeTarget "SwiftElasticSearch macOSTests" */;
			buildPhases = (
				D982D5E02207851600F772F3 /* Sources */,
				D982D5E12207851600F772F3 /* Frameworks */,
				D982D5E22207851600F772F3 /* Resources */,
			);
			buildRules = (
			);
			dependencies = (
				D982D5EB2207851600F772F3 /* PBXTargetDependency */,
			);
			name = "SwiftElasticSearch macOSTests";
			productName = "SwiftSearch macOSTests";
			productReference = D982D5E42207851600F772F3 /* SwiftElasticSearch macOSTests.xctest */;
			productType = "com.apple.product-type.bundle.unit-test";
		};
/* End PBXNativeTarget section */

/* Begin PBXProject section */
		D982D5AA2207814500F772F3 /* Project object */ = {
			isa = PBXProject;
			attributes = {
				LastSwiftUpdateCheck = 1010;
				LastUpgradeCheck = 1010;
				TargetAttributes = {
					D982D5B42207819100F772F3 = {
						CreatedOnToolsVersion = 10.1;
						LastSwiftMigration = 1010;
					};
					D982D5C2220781A800F772F3 = {
						CreatedOnToolsVersion = 10.1;
						LastSwiftMigration = 1010;
					};
					D982D5D4220784FF00F772F3 = {
						CreatedOnToolsVersion = 10.1;
					};
					D982D5E32207851600F772F3 = {
						CreatedOnToolsVersion = 10.1;
					};
				};
			};
			buildConfigurationList = D982D5AD2207814500F772F3 /* Build configuration list for PBXProject "SwiftElasticSearch" */;
			compatibilityVersion = "Xcode 9.3";
			developmentRegion = en;
			hasScannedForEncodings = 0;
			knownRegions = (
				en,
			);
			mainGroup = D982D5A92207814500F772F3;
			productRefGroup = D982D5B62207819100F772F3 /* Products */;
			projectDirPath = "";
			projectReferences = (
				{
					ProductGroup = D9878C932208534F0086EACA /* Products */;
					ProjectRef = D9878C922208534F0086EACA /* SwiftWebSocket.xcodeproj */;
				},
			);
			projectRoot = "";
			targets = (
				D982D5B42207819100F772F3 /* SwiftElasticSearch iOS */,
				D982D5C2220781A800F772F3 /* SwiftElasticSearch macOS */,
				D982D5D4220784FF00F772F3 /* SwiftElasticSearch iOSTests */,
				D982D5E32207851600F772F3 /* SwiftElasticSearch macOSTests */,
			);
		};
/* End PBXProject section */

/* Begin PBXReferenceProxy section */
		D9878C9C2208534F0086EACA /* SwiftWebSocket.framework */ = {
			isa = PBXReferenceProxy;
			fileType = wrapper.framework;
			path = SwiftWebSocket.framework;
			remoteRef = D9878C9B2208534F0086EACA /* PBXContainerItemProxy */;
			sourceTree = BUILT_PRODUCTS_DIR;
		};
		D9878C9E2208534F0086EACA /* SwiftWebSocket.framework */ = {
			isa = PBXReferenceProxy;
			fileType = wrapper.framework;
			path = SwiftWebSocket.framework;
			remoteRef = D9878C9D2208534F0086EACA /* PBXContainerItemProxy */;
			sourceTree = BUILT_PRODUCTS_DIR;
		};
		D9878CA02208534F0086EACA /* SwiftWebSocket.framework */ = {
			isa = PBXReferenceProxy;
			fileType = wrapper.framework;
			path = SwiftWebSocket.framework;
			remoteRef = D9878C9F2208534F0086EACA /* PBXContainerItemProxy */;
			sourceTree = BUILT_PRODUCTS_DIR;
		};
		D9878CA22208534F0086EACA /* Test-OSX.xctest */ = {
			isa = PBXReferenceProxy;
			fileType = wrapper.cfbundle;
			path = "Test-OSX.xctest";
			remoteRef = D9878CA12208534F0086EACA /* PBXContainerItemProxy */;
			sourceTree = BUILT_PRODUCTS_DIR;
		};
		D9878CA42208534F0086EACA /* Test-iOS.xctest */ = {
			isa = PBXReferenceProxy;
			fileType = wrapper.cfbundle;
			path = "Test-iOS.xctest";
			remoteRef = D9878CA32208534F0086EACA /* PBXContainerItemProxy */;
			sourceTree = BUILT_PRODUCTS_DIR;
		};
		D9878CA62208534F0086EACA /* Test-ObjectiveC.xctest */ = {
			isa = PBXReferenceProxy;
			fileType = wrapper.cfbundle;
			path = "Test-ObjectiveC.xctest";
			remoteRef = D9878CA52208534F0086EACA /* PBXContainerItemProxy */;
			sourceTree = BUILT_PRODUCTS_DIR;
		};
/* End PBXReferenceProxy section */

/* Begin PBXResourcesBuildPhase section */
		D982D5B32207819100F772F3 /* Resources */ = {
			isa = PBXResourcesBuildPhase;
			buildActionMask = 2147483647;
			files = (
			);
			runOnlyForDeploymentPostprocessing = 0;
		};
		D982D5C1220781A800F772F3 /* Resources */ = {
			isa = PBXResourcesBuildPhase;
			buildActionMask = 2147483647;
			files = (
			);
			runOnlyForDeploymentPostprocessing = 0;
		};
		D982D5D3220784FF00F772F3 /* Resources */ = {
			isa = PBXResourcesBuildPhase;
			buildActionMask = 2147483647;
			files = (
			);
			runOnlyForDeploymentPostprocessing = 0;
		};
		D982D5E22207851600F772F3 /* Resources */ = {
			isa = PBXResourcesBuildPhase;
			buildActionMask = 2147483647;
			files = (
			);
			runOnlyForDeploymentPostprocessing = 0;
		};
/* End PBXResourcesBuildPhase section */

/* Begin PBXSourcesBuildPhase section */
		D982D5B12207819100F772F3 /* Sources */ = {
			isa = PBXSourcesBuildPhase;
			buildActionMask = 2147483647;
			files = (
				D9878C8C220850E70086EACA /* JSONParsing.swift in Sources */,
				D9878C7C220850270086EACA /* Client.swift in Sources */,
				D9878C88220850BE0086EACA /* Errors.swift in Sources */,
				D9878C85220850A40086EACA /* Request.swift in Sources */,
				D9878C82220850910086EACA /* Response.swift in Sources */,
				D9878C7F2208506D0086EACA /* WebSockets.swift in Sources */,
			);
			runOnlyForDeploymentPostprocessing = 0;
		};
		D982D5BF220781A800F772F3 /* Sources */ = {
			isa = PBXSourcesBuildPhase;
			buildActionMask = 2147483647;
			files = (
				D9878C8D220850E70086EACA /* JSONParsing.swift in Sources */,
				D9878C7D220850270086EACA /* Client.swift in Sources */,
				D9878C89220850BE0086EACA /* Errors.swift in Sources */,
				D9878C86220850A40086EACA /* Request.swift in Sources */,
				D9878C83220850910086EACA /* Response.swift in Sources */,
				D9878C802208506D0086EACA /* WebSockets.swift in Sources */,
			);
			runOnlyForDeploymentPostprocessing = 0;
		};
		D982D5D1220784FF00F772F3 /* Sources */ = {
			isa = PBXSourcesBuildPhase;
			buildActionMask = 2147483647;
			files = (
				D982D5D8220784FF00F772F3 /* SwiftSearch_iOSTests.swift in Sources */,
			);
			runOnlyForDeploymentPostprocessing = 0;
		};
		D982D5E02207851600F772F3 /* Sources */ = {
			isa = PBXSourcesBuildPhase;
			buildActionMask = 2147483647;
			files = (
				D982D5E72207851600F772F3 /* SwiftSearch_macOSTests.swift in Sources */,
			);
			runOnlyForDeploymentPostprocessing = 0;
		};
/* End PBXSourcesBuildPhase section */

/* Begin PBXTargetDependency section */
		D982D5DC220784FF00F772F3 /* PBXTargetDependency */ = {
			isa = PBXTargetDependency;
			target = D982D5B42207819100F772F3 /* SwiftElasticSearch iOS */;
			targetProxy = D982D5DB220784FF00F772F3 /* PBXContainerItemProxy */;
		};
		D982D5EB2207851600F772F3 /* PBXTargetDependency */ = {
			isa = PBXTargetDependency;
			target = D982D5C2220781A800F772F3 /* SwiftElasticSearch macOS */;
			targetProxy = D982D5EA2207851600F772F3 /* PBXContainerItemProxy */;
		};
/* End PBXTargetDependency section */

/* Begin XCBuildConfiguration section */
		D982D5AE2207814500F772F3 /* Debug */ = {
			isa = XCBuildConfiguration;
			buildSettings = {
			};
			name = Debug;
		};
		D982D5AF2207814500F772F3 /* Release */ = {
			isa = XCBuildConfiguration;
			buildSettings = {
			};
			name = Release;
		};
		D982D5BC2207819100F772F3 /* Debug */ = {
			isa = XCBuildConfiguration;
			buildSettings = {
				ALWAYS_SEARCH_USER_PATHS = NO;
				APPLICATION_EXTENSION_API_ONLY = YES;
				CLANG_ANALYZER_NONNULL = YES;
				CLANG_ANALYZER_NUMBER_OBJECT_CONVERSION = YES_AGGRESSIVE;
				CLANG_CXX_LANGUAGE_STANDARD = "gnu++14";
				CLANG_CXX_LIBRARY = "libc++";
				CLANG_ENABLE_MODULES = YES;
				CLANG_ENABLE_OBJC_ARC = YES;
				CLANG_ENABLE_OBJC_WEAK = YES;
				CLANG_WARN_BLOCK_CAPTURE_AUTORELEASING = YES;
				CLANG_WARN_BOOL_CONVERSION = YES;
				CLANG_WARN_COMMA = YES;
				CLANG_WARN_CONSTANT_CONVERSION = YES;
				CLANG_WARN_DEPRECATED_OBJC_IMPLEMENTATIONS = YES;
				CLANG_WARN_DIRECT_OBJC_ISA_USAGE = YES_ERROR;
				CLANG_WARN_DOCUMENTATION_COMMENTS = YES;
				CLANG_WARN_EMPTY_BODY = YES;
				CLANG_WARN_ENUM_CONVERSION = YES;
				CLANG_WARN_INFINITE_RECURSION = YES;
				CLANG_WARN_INT_CONVERSION = YES;
				CLANG_WARN_NON_LITERAL_NULL_CONVERSION = YES;
				CLANG_WARN_OBJC_IMPLICIT_RETAIN_SELF = YES;
				CLANG_WARN_OBJC_LITERAL_CONVERSION = YES;
				CLANG_WARN_OBJC_ROOT_CLASS = YES_ERROR;
				CLANG_WARN_RANGE_LOOP_ANALYSIS = YES;
				CLANG_WARN_STRICT_PROTOTYPES = YES;
				CLANG_WARN_SUSPICIOUS_MOVE = YES;
				CLANG_WARN_UNGUARDED_AVAILABILITY = YES_AGGRESSIVE;
				CLANG_WARN_UNREACHABLE_CODE = YES;
				CLANG_WARN__DUPLICATE_METHOD_MATCH = YES;
				CODE_SIGN_IDENTITY = "iPhone Developer";
				CODE_SIGN_STYLE = Automatic;
				COPY_PHASE_STRIP = NO;
				CURRENT_PROJECT_VERSION = 1;
				DEBUG_INFORMATION_FORMAT = dwarf;
				DEFINES_MODULE = YES;
				DEVELOPMENT_TEAM = DU9HQ6UJZF;
				DYLIB_COMPATIBILITY_VERSION = 1;
				DYLIB_CURRENT_VERSION = 1;
				DYLIB_INSTALL_NAME_BASE = "@rpath";
				ENABLE_STRICT_OBJC_MSGSEND = YES;
				ENABLE_TESTABILITY = YES;
				FRAMEWORK_SEARCH_PATHS = (
					"$(inherited)",
					"$(PROJECT_DIR)/Carthage/Build/iOS",
				);
				GCC_C_LANGUAGE_STANDARD = gnu11;
				GCC_DYNAMIC_NO_PIC = NO;
				GCC_NO_COMMON_BLOCKS = YES;
				GCC_OPTIMIZATION_LEVEL = 0;
				GCC_PREPROCESSOR_DEFINITIONS = (
					"DEBUG=1",
					"$(inherited)",
				);
				GCC_WARN_64_TO_32_BIT_CONVERSION = YES;
				GCC_WARN_ABOUT_RETURN_TYPE = YES_ERROR;
				GCC_WARN_UNDECLARED_SELECTOR = YES;
				GCC_WARN_UNINITIALIZED_AUTOS = YES_AGGRESSIVE;
				GCC_WARN_UNUSED_FUNCTION = YES;
				GCC_WARN_UNUSED_VARIABLE = YES;
				INFOPLIST_FILE = Sources/Info.plist;
				INSTALL_PATH = "$(LOCAL_LIBRARY_DIR)/Frameworks";
				IPHONEOS_DEPLOYMENT_TARGET = 12.1;
				LD_RUNPATH_SEARCH_PATHS = (
					"$(inherited)",
					"@executable_path/Frameworks",
					"@loader_path/Frameworks",
				);
				MTL_ENABLE_DEBUG_INFO = INCLUDE_SOURCE;
				MTL_FAST_MATH = YES;
				ONLY_ACTIVE_ARCH = YES;
				PRODUCT_BUNDLE_IDENTIFIER = "harsh.SwiftSearch-iOS";
				PRODUCT_NAME = SwiftElasticSearch;
				SDKROOT = iphoneos;
				SKIP_INSTALL = YES;
				SWIFT_ACTIVE_COMPILATION_CONDITIONS = DEBUG;
				SWIFT_OPTIMIZATION_LEVEL = "-Onone";
				SWIFT_VERSION = 4.2;
				TARGETED_DEVICE_FAMILY = "1,2";
				VERSIONING_SYSTEM = "apple-generic";
				VERSION_INFO_PREFIX = "";
			};
			name = Debug;
		};
		D982D5BD2207819100F772F3 /* Release */ = {
			isa = XCBuildConfiguration;
			buildSettings = {
				ALWAYS_SEARCH_USER_PATHS = NO;
				APPLICATION_EXTENSION_API_ONLY = YES;
				CLANG_ANALYZER_NONNULL = YES;
				CLANG_ANALYZER_NUMBER_OBJECT_CONVERSION = YES_AGGRESSIVE;
				CLANG_CXX_LANGUAGE_STANDARD = "gnu++14";
				CLANG_CXX_LIBRARY = "libc++";
				CLANG_ENABLE_MODULES = YES;
				CLANG_ENABLE_OBJC_ARC = YES;
				CLANG_ENABLE_OBJC_WEAK = YES;
				CLANG_WARN_BLOCK_CAPTURE_AUTORELEASING = YES;
				CLANG_WARN_BOOL_CONVERSION = YES;
				CLANG_WARN_COMMA = YES;
				CLANG_WARN_CONSTANT_CONVERSION = YES;
				CLANG_WARN_DEPRECATED_OBJC_IMPLEMENTATIONS = YES;
				CLANG_WARN_DIRECT_OBJC_ISA_USAGE = YES_ERROR;
				CLANG_WARN_DOCUMENTATION_COMMENTS = YES;
				CLANG_WARN_EMPTY_BODY = YES;
				CLANG_WARN_ENUM_CONVERSION = YES;
				CLANG_WARN_INFINITE_RECURSION = YES;
				CLANG_WARN_INT_CONVERSION = YES;
				CLANG_WARN_NON_LITERAL_NULL_CONVERSION = YES;
				CLANG_WARN_OBJC_IMPLICIT_RETAIN_SELF = YES;
				CLANG_WARN_OBJC_LITERAL_CONVERSION = YES;
				CLANG_WARN_OBJC_ROOT_CLASS = YES_ERROR;
				CLANG_WARN_RANGE_LOOP_ANALYSIS = YES;
				CLANG_WARN_STRICT_PROTOTYPES = YES;
				CLANG_WARN_SUSPICIOUS_MOVE = YES;
				CLANG_WARN_UNGUARDED_AVAILABILITY = YES_AGGRESSIVE;
				CLANG_WARN_UNREACHABLE_CODE = YES;
				CLANG_WARN__DUPLICATE_METHOD_MATCH = YES;
				CODE_SIGN_IDENTITY = "iPhone Developer";
				CODE_SIGN_STYLE = Automatic;
				COPY_PHASE_STRIP = NO;
				CURRENT_PROJECT_VERSION = 1;
				DEBUG_INFORMATION_FORMAT = "dwarf-with-dsym";
				DEFINES_MODULE = YES;
				DEVELOPMENT_TEAM = DU9HQ6UJZF;
				DYLIB_COMPATIBILITY_VERSION = 1;
				DYLIB_CURRENT_VERSION = 1;
				DYLIB_INSTALL_NAME_BASE = "@rpath";
				ENABLE_NS_ASSERTIONS = NO;
				ENABLE_STRICT_OBJC_MSGSEND = YES;
				FRAMEWORK_SEARCH_PATHS = (
					"$(inherited)",
					"$(PROJECT_DIR)/Carthage/Build/iOS",
				);
				GCC_C_LANGUAGE_STANDARD = gnu11;
				GCC_NO_COMMON_BLOCKS = YES;
				GCC_WARN_64_TO_32_BIT_CONVERSION = YES;
				GCC_WARN_ABOUT_RETURN_TYPE = YES_ERROR;
				GCC_WARN_UNDECLARED_SELECTOR = YES;
				GCC_WARN_UNINITIALIZED_AUTOS = YES_AGGRESSIVE;
				GCC_WARN_UNUSED_FUNCTION = YES;
				GCC_WARN_UNUSED_VARIABLE = YES;
				INFOPLIST_FILE = Sources/Info.plist;
				INSTALL_PATH = "$(LOCAL_LIBRARY_DIR)/Frameworks";
				IPHONEOS_DEPLOYMENT_TARGET = 12.1;
				LD_RUNPATH_SEARCH_PATHS = (
					"$(inherited)",
					"@executable_path/Frameworks",
					"@loader_path/Frameworks",
				);
				MTL_ENABLE_DEBUG_INFO = NO;
				MTL_FAST_MATH = YES;
				PRODUCT_BUNDLE_IDENTIFIER = "harsh.SwiftSearch-iOS";
				PRODUCT_NAME = SwiftElasticSearch;
				SDKROOT = iphoneos;
				SKIP_INSTALL = YES;
				SWIFT_COMPILATION_MODE = wholemodule;
				SWIFT_OPTIMIZATION_LEVEL = "-O";
				SWIFT_VERSION = 4.2;
				TARGETED_DEVICE_FAMILY = "1,2";
				VALIDATE_PRODUCT = YES;
				VERSIONING_SYSTEM = "apple-generic";
				VERSION_INFO_PREFIX = "";
			};
			name = Release;
		};
		D982D5C9220781A800F772F3 /* Debug */ = {
			isa = XCBuildConfiguration;
			buildSettings = {
				ALWAYS_SEARCH_USER_PATHS = NO;
				APPLICATION_EXTENSION_API_ONLY = YES;
				CLANG_ANALYZER_NONNULL = YES;
				CLANG_ANALYZER_NUMBER_OBJECT_CONVERSION = YES_AGGRESSIVE;
				CLANG_CXX_LANGUAGE_STANDARD = "gnu++14";
				CLANG_CXX_LIBRARY = "libc++";
				CLANG_ENABLE_MODULES = YES;
				CLANG_ENABLE_OBJC_ARC = YES;
				CLANG_ENABLE_OBJC_WEAK = YES;
				CLANG_WARN_BLOCK_CAPTURE_AUTORELEASING = YES;
				CLANG_WARN_BOOL_CONVERSION = YES;
				CLANG_WARN_COMMA = YES;
				CLANG_WARN_CONSTANT_CONVERSION = YES;
				CLANG_WARN_DEPRECATED_OBJC_IMPLEMENTATIONS = YES;
				CLANG_WARN_DIRECT_OBJC_ISA_USAGE = YES_ERROR;
				CLANG_WARN_DOCUMENTATION_COMMENTS = YES;
				CLANG_WARN_EMPTY_BODY = YES;
				CLANG_WARN_ENUM_CONVERSION = YES;
				CLANG_WARN_INFINITE_RECURSION = YES;
				CLANG_WARN_INT_CONVERSION = YES;
				CLANG_WARN_NON_LITERAL_NULL_CONVERSION = YES;
				CLANG_WARN_OBJC_IMPLICIT_RETAIN_SELF = YES;
				CLANG_WARN_OBJC_LITERAL_CONVERSION = YES;
				CLANG_WARN_OBJC_ROOT_CLASS = YES_ERROR;
				CLANG_WARN_RANGE_LOOP_ANALYSIS = YES;
				CLANG_WARN_STRICT_PROTOTYPES = YES;
				CLANG_WARN_SUSPICIOUS_MOVE = YES;
				CLANG_WARN_UNGUARDED_AVAILABILITY = YES_AGGRESSIVE;
				CLANG_WARN_UNREACHABLE_CODE = YES;
				CLANG_WARN__DUPLICATE_METHOD_MATCH = YES;
				CODE_SIGN_IDENTITY = "Mac Developer";
				CODE_SIGN_STYLE = Automatic;
				COMBINE_HIDPI_IMAGES = YES;
				COPY_PHASE_STRIP = NO;
				CURRENT_PROJECT_VERSION = 1;
				DEBUG_INFORMATION_FORMAT = dwarf;
				DEFINES_MODULE = YES;
				DEVELOPMENT_TEAM = DU9HQ6UJZF;
				DYLIB_COMPATIBILITY_VERSION = 1;
				DYLIB_CURRENT_VERSION = 1;
				DYLIB_INSTALL_NAME_BASE = "@rpath";
				ENABLE_STRICT_OBJC_MSGSEND = YES;
				ENABLE_TESTABILITY = YES;
				FRAMEWORK_SEARCH_PATHS = (
					"$(inherited)",
					"$(PROJECT_DIR)/Carthage/Build/Mac",
				);
				FRAMEWORK_VERSION = A;
				GCC_C_LANGUAGE_STANDARD = gnu11;
				GCC_DYNAMIC_NO_PIC = NO;
				GCC_NO_COMMON_BLOCKS = YES;
				GCC_OPTIMIZATION_LEVEL = 0;
				GCC_PREPROCESSOR_DEFINITIONS = (
					"DEBUG=1",
					"$(inherited)",
				);
				GCC_WARN_64_TO_32_BIT_CONVERSION = YES;
				GCC_WARN_ABOUT_RETURN_TYPE = YES_ERROR;
				GCC_WARN_UNDECLARED_SELECTOR = YES;
				GCC_WARN_UNINITIALIZED_AUTOS = YES_AGGRESSIVE;
				GCC_WARN_UNUSED_FUNCTION = YES;
				GCC_WARN_UNUSED_VARIABLE = YES;
				INFOPLIST_FILE = Sources/Info.plist;
				INSTALL_PATH = "$(LOCAL_LIBRARY_DIR)/Frameworks";
				LD_RUNPATH_SEARCH_PATHS = (
					"$(inherited)",
					"@executable_path/../Frameworks",
					"@loader_path/Frameworks",
				);
				MACOSX_DEPLOYMENT_TARGET = 10.14;
				MTL_ENABLE_DEBUG_INFO = INCLUDE_SOURCE;
				MTL_FAST_MATH = YES;
				ONLY_ACTIVE_ARCH = YES;
				PRODUCT_BUNDLE_IDENTIFIER = "harsh.SwiftSearch-macOS";
				PRODUCT_NAME = SwiftElasticSearch;
				SDKROOT = macosx;
				SKIP_INSTALL = YES;
				SWIFT_ACTIVE_COMPILATION_CONDITIONS = DEBUG;
				SWIFT_OPTIMIZATION_LEVEL = "-Onone";
				SWIFT_VERSION = 4.2;
				VERSIONING_SYSTEM = "apple-generic";
				VERSION_INFO_PREFIX = "";
			};
			name = Debug;
		};
		D982D5CA220781A800F772F3 /* Release */ = {
			isa = XCBuildConfiguration;
			buildSettings = {
				ALWAYS_SEARCH_USER_PATHS = NO;
				APPLICATION_EXTENSION_API_ONLY = YES;
				CLANG_ANALYZER_NONNULL = YES;
				CLANG_ANALYZER_NUMBER_OBJECT_CONVERSION = YES_AGGRESSIVE;
				CLANG_CXX_LANGUAGE_STANDARD = "gnu++14";
				CLANG_CXX_LIBRARY = "libc++";
				CLANG_ENABLE_MODULES = YES;
				CLANG_ENABLE_OBJC_ARC = YES;
				CLANG_ENABLE_OBJC_WEAK = YES;
				CLANG_WARN_BLOCK_CAPTURE_AUTORELEASING = YES;
				CLANG_WARN_BOOL_CONVERSION = YES;
				CLANG_WARN_COMMA = YES;
				CLANG_WARN_CONSTANT_CONVERSION = YES;
				CLANG_WARN_DEPRECATED_OBJC_IMPLEMENTATIONS = YES;
				CLANG_WARN_DIRECT_OBJC_ISA_USAGE = YES_ERROR;
				CLANG_WARN_DOCUMENTATION_COMMENTS = YES;
				CLANG_WARN_EMPTY_BODY = YES;
				CLANG_WARN_ENUM_CONVERSION = YES;
				CLANG_WARN_INFINITE_RECURSION = YES;
				CLANG_WARN_INT_CONVERSION = YES;
				CLANG_WARN_NON_LITERAL_NULL_CONVERSION = YES;
				CLANG_WARN_OBJC_IMPLICIT_RETAIN_SELF = YES;
				CLANG_WARN_OBJC_LITERAL_CONVERSION = YES;
				CLANG_WARN_OBJC_ROOT_CLASS = YES_ERROR;
				CLANG_WARN_RANGE_LOOP_ANALYSIS = YES;
				CLANG_WARN_STRICT_PROTOTYPES = YES;
				CLANG_WARN_SUSPICIOUS_MOVE = YES;
				CLANG_WARN_UNGUARDED_AVAILABILITY = YES_AGGRESSIVE;
				CLANG_WARN_UNREACHABLE_CODE = YES;
				CLANG_WARN__DUPLICATE_METHOD_MATCH = YES;
				CODE_SIGN_IDENTITY = "Mac Developer";
				CODE_SIGN_STYLE = Automatic;
				COMBINE_HIDPI_IMAGES = YES;
				COPY_PHASE_STRIP = NO;
				CURRENT_PROJECT_VERSION = 1;
				DEBUG_INFORMATION_FORMAT = "dwarf-with-dsym";
				DEFINES_MODULE = YES;
				DEVELOPMENT_TEAM = DU9HQ6UJZF;
				DYLIB_COMPATIBILITY_VERSION = 1;
				DYLIB_CURRENT_VERSION = 1;
				DYLIB_INSTALL_NAME_BASE = "@rpath";
				ENABLE_NS_ASSERTIONS = NO;
				ENABLE_STRICT_OBJC_MSGSEND = YES;
				FRAMEWORK_SEARCH_PATHS = (
					"$(inherited)",
					"$(PROJECT_DIR)/Carthage/Build/Mac",
				);
				FRAMEWORK_VERSION = A;
				GCC_C_LANGUAGE_STANDARD = gnu11;
				GCC_NO_COMMON_BLOCKS = YES;
				GCC_WARN_64_TO_32_BIT_CONVERSION = YES;
				GCC_WARN_ABOUT_RETURN_TYPE = YES_ERROR;
				GCC_WARN_UNDECLARED_SELECTOR = YES;
				GCC_WARN_UNINITIALIZED_AUTOS = YES_AGGRESSIVE;
				GCC_WARN_UNUSED_FUNCTION = YES;
				GCC_WARN_UNUSED_VARIABLE = YES;
				INFOPLIST_FILE = Sources/Info.plist;
				INSTALL_PATH = "$(LOCAL_LIBRARY_DIR)/Frameworks";
				LD_RUNPATH_SEARCH_PATHS = (
					"$(inherited)",
					"@executable_path/../Frameworks",
					"@loader_path/Frameworks",
				);
				MACOSX_DEPLOYMENT_TARGET = 10.14;
				MTL_ENABLE_DEBUG_INFO = NO;
				MTL_FAST_MATH = YES;
				PRODUCT_BUNDLE_IDENTIFIER = "harsh.SwiftSearch-macOS";
				PRODUCT_NAME = SwiftElasticSearch;
				SDKROOT = macosx;
				SKIP_INSTALL = YES;
				SWIFT_COMPILATION_MODE = wholemodule;
				SWIFT_OPTIMIZATION_LEVEL = "-O";
				SWIFT_VERSION = 4.2;
				VERSIONING_SYSTEM = "apple-generic";
				VERSION_INFO_PREFIX = "";
			};
			name = Release;
		};
		D982D5DD220784FF00F772F3 /* Debug */ = {
			isa = XCBuildConfiguration;
			buildSettings = {
				ALWAYS_EMBED_SWIFT_STANDARD_LIBRARIES = YES;
				ALWAYS_SEARCH_USER_PATHS = NO;
				CLANG_ANALYZER_NONNULL = YES;
				CLANG_ANALYZER_NUMBER_OBJECT_CONVERSION = YES_AGGRESSIVE;
				CLANG_CXX_LANGUAGE_STANDARD = "gnu++14";
				CLANG_CXX_LIBRARY = "libc++";
				CLANG_ENABLE_MODULES = YES;
				CLANG_ENABLE_OBJC_ARC = YES;
				CLANG_ENABLE_OBJC_WEAK = YES;
				CLANG_WARN_BLOCK_CAPTURE_AUTORELEASING = YES;
				CLANG_WARN_BOOL_CONVERSION = YES;
				CLANG_WARN_COMMA = YES;
				CLANG_WARN_CONSTANT_CONVERSION = YES;
				CLANG_WARN_DEPRECATED_OBJC_IMPLEMENTATIONS = YES;
				CLANG_WARN_DIRECT_OBJC_ISA_USAGE = YES_ERROR;
				CLANG_WARN_DOCUMENTATION_COMMENTS = YES;
				CLANG_WARN_EMPTY_BODY = YES;
				CLANG_WARN_ENUM_CONVERSION = YES;
				CLANG_WARN_INFINITE_RECURSION = YES;
				CLANG_WARN_INT_CONVERSION = YES;
				CLANG_WARN_NON_LITERAL_NULL_CONVERSION = YES;
				CLANG_WARN_OBJC_IMPLICIT_RETAIN_SELF = YES;
				CLANG_WARN_OBJC_LITERAL_CONVERSION = YES;
				CLANG_WARN_OBJC_ROOT_CLASS = YES_ERROR;
				CLANG_WARN_RANGE_LOOP_ANALYSIS = YES;
				CLANG_WARN_STRICT_PROTOTYPES = YES;
				CLANG_WARN_SUSPICIOUS_MOVE = YES;
				CLANG_WARN_UNGUARDED_AVAILABILITY = YES_AGGRESSIVE;
				CLANG_WARN_UNREACHABLE_CODE = YES;
				CLANG_WARN__DUPLICATE_METHOD_MATCH = YES;
				CODE_SIGN_IDENTITY = "iPhone Developer";
				CODE_SIGN_STYLE = Automatic;
				COPY_PHASE_STRIP = NO;
				DEBUG_INFORMATION_FORMAT = dwarf;
				DEVELOPMENT_TEAM = DU9HQ6UJZF;
				ENABLE_STRICT_OBJC_MSGSEND = YES;
				ENABLE_TESTABILITY = YES;
				GCC_C_LANGUAGE_STANDARD = gnu11;
				GCC_DYNAMIC_NO_PIC = NO;
				GCC_NO_COMMON_BLOCKS = YES;
				GCC_OPTIMIZATION_LEVEL = 0;
				GCC_PREPROCESSOR_DEFINITIONS = (
					"DEBUG=1",
					"$(inherited)",
				);
				GCC_WARN_64_TO_32_BIT_CONVERSION = YES;
				GCC_WARN_ABOUT_RETURN_TYPE = YES_ERROR;
				GCC_WARN_UNDECLARED_SELECTOR = YES;
				GCC_WARN_UNINITIALIZED_AUTOS = YES_AGGRESSIVE;
				GCC_WARN_UNUSED_FUNCTION = YES;
				GCC_WARN_UNUSED_VARIABLE = YES;
				INFOPLIST_FILE = "SwiftElasticSearch iOSTests/Info.plist";
				IPHONEOS_DEPLOYMENT_TARGET = 12.1;
				LD_RUNPATH_SEARCH_PATHS = (
					"$(inherited)",
					"@executable_path/Frameworks",
					"@loader_path/Frameworks",
				);
				MTL_ENABLE_DEBUG_INFO = INCLUDE_SOURCE;
				MTL_FAST_MATH = YES;
				ONLY_ACTIVE_ARCH = YES;
				PRODUCT_BUNDLE_IDENTIFIER = "harsh.SwiftSearch-iOSTests";
				PRODUCT_NAME = "$(TARGET_NAME)";
				SDKROOT = iphoneos;
				SWIFT_ACTIVE_COMPILATION_CONDITIONS = DEBUG;
				SWIFT_OPTIMIZATION_LEVEL = "-Onone";
				SWIFT_VERSION = 4.2;
				TARGETED_DEVICE_FAMILY = "1,2";
			};
			name = Debug;
		};
		D982D5DE220784FF00F772F3 /* Release */ = {
			isa = XCBuildConfiguration;
			buildSettings = {
				ALWAYS_EMBED_SWIFT_STANDARD_LIBRARIES = YES;
				ALWAYS_SEARCH_USER_PATHS = NO;
				CLANG_ANALYZER_NONNULL = YES;
				CLANG_ANALYZER_NUMBER_OBJECT_CONVERSION = YES_AGGRESSIVE;
				CLANG_CXX_LANGUAGE_STANDARD = "gnu++14";
				CLANG_CXX_LIBRARY = "libc++";
				CLANG_ENABLE_MODULES = YES;
				CLANG_ENABLE_OBJC_ARC = YES;
				CLANG_ENABLE_OBJC_WEAK = YES;
				CLANG_WARN_BLOCK_CAPTURE_AUTORELEASING = YES;
				CLANG_WARN_BOOL_CONVERSION = YES;
				CLANG_WARN_COMMA = YES;
				CLANG_WARN_CONSTANT_CONVERSION = YES;
				CLANG_WARN_DEPRECATED_OBJC_IMPLEMENTATIONS = YES;
				CLANG_WARN_DIRECT_OBJC_ISA_USAGE = YES_ERROR;
				CLANG_WARN_DOCUMENTATION_COMMENTS = YES;
				CLANG_WARN_EMPTY_BODY = YES;
				CLANG_WARN_ENUM_CONVERSION = YES;
				CLANG_WARN_INFINITE_RECURSION = YES;
				CLANG_WARN_INT_CONVERSION = YES;
				CLANG_WARN_NON_LITERAL_NULL_CONVERSION = YES;
				CLANG_WARN_OBJC_IMPLICIT_RETAIN_SELF = YES;
				CLANG_WARN_OBJC_LITERAL_CONVERSION = YES;
				CLANG_WARN_OBJC_ROOT_CLASS = YES_ERROR;
				CLANG_WARN_RANGE_LOOP_ANALYSIS = YES;
				CLANG_WARN_STRICT_PROTOTYPES = YES;
				CLANG_WARN_SUSPICIOUS_MOVE = YES;
				CLANG_WARN_UNGUARDED_AVAILABILITY = YES_AGGRESSIVE;
				CLANG_WARN_UNREACHABLE_CODE = YES;
				CLANG_WARN__DUPLICATE_METHOD_MATCH = YES;
				CODE_SIGN_IDENTITY = "iPhone Developer";
				CODE_SIGN_STYLE = Automatic;
				COPY_PHASE_STRIP = NO;
				DEBUG_INFORMATION_FORMAT = "dwarf-with-dsym";
				DEVELOPMENT_TEAM = DU9HQ6UJZF;
				ENABLE_NS_ASSERTIONS = NO;
				ENABLE_STRICT_OBJC_MSGSEND = YES;
				GCC_C_LANGUAGE_STANDARD = gnu11;
				GCC_NO_COMMON_BLOCKS = YES;
				GCC_WARN_64_TO_32_BIT_CONVERSION = YES;
				GCC_WARN_ABOUT_RETURN_TYPE = YES_ERROR;
				GCC_WARN_UNDECLARED_SELECTOR = YES;
				GCC_WARN_UNINITIALIZED_AUTOS = YES_AGGRESSIVE;
				GCC_WARN_UNUSED_FUNCTION = YES;
				GCC_WARN_UNUSED_VARIABLE = YES;
				INFOPLIST_FILE = "SwiftElasticSearch iOSTests/Info.plist";
				IPHONEOS_DEPLOYMENT_TARGET = 12.1;
				LD_RUNPATH_SEARCH_PATHS = (
					"$(inherited)",
					"@executable_path/Frameworks",
					"@loader_path/Frameworks",
				);
				MTL_ENABLE_DEBUG_INFO = NO;
				MTL_FAST_MATH = YES;
				PRODUCT_BUNDLE_IDENTIFIER = "harsh.SwiftSearch-iOSTests";
				PRODUCT_NAME = "$(TARGET_NAME)";
				SDKROOT = iphoneos;
				SWIFT_COMPILATION_MODE = wholemodule;
				SWIFT_OPTIMIZATION_LEVEL = "-O";
				SWIFT_VERSION = 4.2;
				TARGETED_DEVICE_FAMILY = "1,2";
				VALIDATE_PRODUCT = YES;
			};
			name = Release;
		};
		D982D5ED2207851600F772F3 /* Debug */ = {
			isa = XCBuildConfiguration;
			buildSettings = {
				ALWAYS_EMBED_SWIFT_STANDARD_LIBRARIES = YES;
				ALWAYS_SEARCH_USER_PATHS = NO;
				CLANG_ANALYZER_NONNULL = YES;
				CLANG_ANALYZER_NUMBER_OBJECT_CONVERSION = YES_AGGRESSIVE;
				CLANG_CXX_LANGUAGE_STANDARD = "gnu++14";
				CLANG_CXX_LIBRARY = "libc++";
				CLANG_ENABLE_MODULES = YES;
				CLANG_ENABLE_OBJC_ARC = YES;
				CLANG_ENABLE_OBJC_WEAK = YES;
				CLANG_WARN_BLOCK_CAPTURE_AUTORELEASING = YES;
				CLANG_WARN_BOOL_CONVERSION = YES;
				CLANG_WARN_COMMA = YES;
				CLANG_WARN_CONSTANT_CONVERSION = YES;
				CLANG_WARN_DEPRECATED_OBJC_IMPLEMENTATIONS = YES;
				CLANG_WARN_DIRECT_OBJC_ISA_USAGE = YES_ERROR;
				CLANG_WARN_DOCUMENTATION_COMMENTS = YES;
				CLANG_WARN_EMPTY_BODY = YES;
				CLANG_WARN_ENUM_CONVERSION = YES;
				CLANG_WARN_INFINITE_RECURSION = YES;
				CLANG_WARN_INT_CONVERSION = YES;
				CLANG_WARN_NON_LITERAL_NULL_CONVERSION = YES;
				CLANG_WARN_OBJC_IMPLICIT_RETAIN_SELF = YES;
				CLANG_WARN_OBJC_LITERAL_CONVERSION = YES;
				CLANG_WARN_OBJC_ROOT_CLASS = YES_ERROR;
				CLANG_WARN_RANGE_LOOP_ANALYSIS = YES;
				CLANG_WARN_STRICT_PROTOTYPES = YES;
				CLANG_WARN_SUSPICIOUS_MOVE = YES;
				CLANG_WARN_UNGUARDED_AVAILABILITY = YES_AGGRESSIVE;
				CLANG_WARN_UNREACHABLE_CODE = YES;
				CLANG_WARN__DUPLICATE_METHOD_MATCH = YES;
				CODE_SIGN_IDENTITY = "Mac Developer";
				CODE_SIGN_STYLE = Automatic;
				COMBINE_HIDPI_IMAGES = YES;
				COPY_PHASE_STRIP = NO;
				DEBUG_INFORMATION_FORMAT = dwarf;
				DEVELOPMENT_TEAM = DU9HQ6UJZF;
				ENABLE_STRICT_OBJC_MSGSEND = YES;
				ENABLE_TESTABILITY = YES;
				GCC_C_LANGUAGE_STANDARD = gnu11;
				GCC_DYNAMIC_NO_PIC = NO;
				GCC_NO_COMMON_BLOCKS = YES;
				GCC_OPTIMIZATION_LEVEL = 0;
				GCC_PREPROCESSOR_DEFINITIONS = (
					"DEBUG=1",
					"$(inherited)",
				);
				GCC_WARN_64_TO_32_BIT_CONVERSION = YES;
				GCC_WARN_ABOUT_RETURN_TYPE = YES_ERROR;
				GCC_WARN_UNDECLARED_SELECTOR = YES;
				GCC_WARN_UNINITIALIZED_AUTOS = YES_AGGRESSIVE;
				GCC_WARN_UNUSED_FUNCTION = YES;
				GCC_WARN_UNUSED_VARIABLE = YES;
				INFOPLIST_FILE = "SwiftElasticSearch macOSTests/Info.plist";
				LD_RUNPATH_SEARCH_PATHS = (
					"$(inherited)",
					"@executable_path/../Frameworks",
					"@loader_path/../Frameworks",
				);
				MACOSX_DEPLOYMENT_TARGET = 10.14;
				MTL_ENABLE_DEBUG_INFO = INCLUDE_SOURCE;
				MTL_FAST_MATH = YES;
				ONLY_ACTIVE_ARCH = YES;
				PRODUCT_BUNDLE_IDENTIFIER = "harsh.SwiftSearch-macOSTests";
				PRODUCT_NAME = "$(TARGET_NAME)";
				SDKROOT = macosx;
				SWIFT_ACTIVE_COMPILATION_CONDITIONS = DEBUG;
				SWIFT_OPTIMIZATION_LEVEL = "-Onone";
				SWIFT_VERSION = 4.2;
			};
			name = Debug;
		};
		D982D5EE2207851600F772F3 /* Release */ = {
			isa = XCBuildConfiguration;
			buildSettings = {
				ALWAYS_EMBED_SWIFT_STANDARD_LIBRARIES = YES;
				ALWAYS_SEARCH_USER_PATHS = NO;
				CLANG_ANALYZER_NONNULL = YES;
				CLANG_ANALYZER_NUMBER_OBJECT_CONVERSION = YES_AGGRESSIVE;
				CLANG_CXX_LANGUAGE_STANDARD = "gnu++14";
				CLANG_CXX_LIBRARY = "libc++";
				CLANG_ENABLE_MODULES = YES;
				CLANG_ENABLE_OBJC_ARC = YES;
				CLANG_ENABLE_OBJC_WEAK = YES;
				CLANG_WARN_BLOCK_CAPTURE_AUTORELEASING = YES;
				CLANG_WARN_BOOL_CONVERSION = YES;
				CLANG_WARN_COMMA = YES;
				CLANG_WARN_CONSTANT_CONVERSION = YES;
				CLANG_WARN_DEPRECATED_OBJC_IMPLEMENTATIONS = YES;
				CLANG_WARN_DIRECT_OBJC_ISA_USAGE = YES_ERROR;
				CLANG_WARN_DOCUMENTATION_COMMENTS = YES;
				CLANG_WARN_EMPTY_BODY = YES;
				CLANG_WARN_ENUM_CONVERSION = YES;
				CLANG_WARN_INFINITE_RECURSION = YES;
				CLANG_WARN_INT_CONVERSION = YES;
				CLANG_WARN_NON_LITERAL_NULL_CONVERSION = YES;
				CLANG_WARN_OBJC_IMPLICIT_RETAIN_SELF = YES;
				CLANG_WARN_OBJC_LITERAL_CONVERSION = YES;
				CLANG_WARN_OBJC_ROOT_CLASS = YES_ERROR;
				CLANG_WARN_RANGE_LOOP_ANALYSIS = YES;
				CLANG_WARN_STRICT_PROTOTYPES = YES;
				CLANG_WARN_SUSPICIOUS_MOVE = YES;
				CLANG_WARN_UNGUARDED_AVAILABILITY = YES_AGGRESSIVE;
				CLANG_WARN_UNREACHABLE_CODE = YES;
				CLANG_WARN__DUPLICATE_METHOD_MATCH = YES;
				CODE_SIGN_IDENTITY = "Mac Developer";
				CODE_SIGN_STYLE = Automatic;
				COMBINE_HIDPI_IMAGES = YES;
				COPY_PHASE_STRIP = NO;
				DEBUG_INFORMATION_FORMAT = "dwarf-with-dsym";
				DEVELOPMENT_TEAM = DU9HQ6UJZF;
				ENABLE_NS_ASSERTIONS = NO;
				ENABLE_STRICT_OBJC_MSGSEND = YES;
				GCC_C_LANGUAGE_STANDARD = gnu11;
				GCC_NO_COMMON_BLOCKS = YES;
				GCC_WARN_64_TO_32_BIT_CONVERSION = YES;
				GCC_WARN_ABOUT_RETURN_TYPE = YES_ERROR;
				GCC_WARN_UNDECLARED_SELECTOR = YES;
				GCC_WARN_UNINITIALIZED_AUTOS = YES_AGGRESSIVE;
				GCC_WARN_UNUSED_FUNCTION = YES;
				GCC_WARN_UNUSED_VARIABLE = YES;
				INFOPLIST_FILE = "SwiftElasticSearch macOSTests/Info.plist";
				LD_RUNPATH_SEARCH_PATHS = (
					"$(inherited)",
					"@executable_path/../Frameworks",
					"@loader_path/../Frameworks",
				);
				MACOSX_DEPLOYMENT_TARGET = 10.14;
				MTL_ENABLE_DEBUG_INFO = NO;
				MTL_FAST_MATH = YES;
				PRODUCT_BUNDLE_IDENTIFIER = "harsh.SwiftSearch-macOSTests";
				PRODUCT_NAME = "$(TARGET_NAME)";
				SDKROOT = macosx;
				SWIFT_COMPILATION_MODE = wholemodule;
				SWIFT_OPTIMIZATION_LEVEL = "-O";
				SWIFT_VERSION = 4.2;
			};
			name = Release;
		};
/* End XCBuildConfiguration section */

/* Begin XCConfigurationList section */
		D982D5AD2207814500F772F3 /* Build configuration list for PBXProject "SwiftElasticSearch" */ = {
			isa = XCConfigurationList;
			buildConfigurations = (
				D982D5AE2207814500F772F3 /* Debug */,
				D982D5AF2207814500F772F3 /* Release */,
			);
			defaultConfigurationIsVisible = 0;
			defaultConfigurationName = Release;
		};
		D982D5BB2207819100F772F3 /* Build configuration list for PBXNativeTarget "SwiftElasticSearch iOS" */ = {
			isa = XCConfigurationList;
			buildConfigurations = (
				D982D5BC2207819100F772F3 /* Debug */,
				D982D5BD2207819100F772F3 /* Release */,
			);
			defaultConfigurationIsVisible = 0;
			defaultConfigurationName = Release;
		};
		D982D5C8220781A800F772F3 /* Build configuration list for PBXNativeTarget "SwiftElasticSearch macOS" */ = {
			isa = XCConfigurationList;
			buildConfigurations = (
				D982D5C9220781A800F772F3 /* Debug */,
				D982D5CA220781A800F772F3 /* Release */,
			);
			defaultConfigurationIsVisible = 0;
			defaultConfigurationName = Release;
		};
		D982D5DF220784FF00F772F3 /* Build configuration list for PBXNativeTarget "SwiftElasticSearch iOSTests" */ = {
			isa = XCConfigurationList;
			buildConfigurations = (
				D982D5DD220784FF00F772F3 /* Debug */,
				D982D5DE220784FF00F772F3 /* Release */,
			);
			defaultConfigurationIsVisible = 0;
			defaultConfigurationName = Release;
		};
		D982D5EC2207851600F772F3 /* Build configuration list for PBXNativeTarget "SwiftElasticSearch macOSTests" */ = {
			isa = XCConfigurationList;
			buildConfigurations = (
				D982D5ED2207851600F772F3 /* Debug */,
				D982D5EE2207851600F772F3 /* Release */,
			);
			defaultConfigurationIsVisible = 0;
			defaultConfigurationName = Release;
		};
/* End XCConfigurationList section */
	};
	rootObject = D982D5AA2207814500F772F3 /* Project object */;
}
